{
  "name": "epic-game",
  "version": "1.0.0",
  "lockfileVersion": 3,
  "requires": true,
  "packages": {
    "": {
      "name": "epic-game",
      "version": "1.0.0",
      "license": "ISC",
      "dependencies": {
        "@johnnymorganz/stylua-bin": "^2.5.2",
        "rbx-dom": "^0.3.0"
      }
    },
    "node_modules/@johnnymorganz/stylua-bin": {
      "version": "2.5.2",
      "resolved": "https://registry.npmjs.org/@johnnymorganz/stylua-bin/-/stylua-bin-2.5.2.tgz",
      "integrity": "sha512-9VXOyPCoyajvLOZMiEGigNovEYI7PaAXB065Mc2iiU/vOmAxb+GpbGpCPjLq1jIy8VNU+4Esh50EmLc0SMfziw==",
      "license": "MPL-2.0",
      "bin": {
        "stylua": "run.js"
      },
      "engines": {
        "node": ">=10"
      },
      "optionalDependencies": {
        "@johnnymorganz/stylua-bin-darwin-arm64": "2.5.2",
        "@johnnymorganz/stylua-bin-darwin-x64": "2.5.2",
        "@johnnymorganz/stylua-bin-linux-arm64": "2.5.2",
        "@johnnymorganz/stylua-bin-linux-x64": "2.5.2",
        "@johnnymorganz/stylua-bin-win32-x64": "2.5.2"
      }
    },
    "node_modules/@johnnymorganz/stylua-bin-darwin-arm64": {
      "version": "2.5.2",
      "resolved": "https://registry.npmjs.org/@johnnymorganz/stylua-bin-darwin-arm64/-/stylua-bin-darwin-arm64-2.5.2.tgz",
      "integrity": "sha512-aoUX8+aG7x/hXSYMEkpH7YEvQ9AK/V/qY5SUBOqK4g5iBK9hjfOrFqYWRYo14BG+9QEEeKv0SY5iUviMUpyn0g==",
      "cpu": [
        "arm64"
      ],
      "license": "MPL-2.0",
      "optional": true,
      "os": [
        "darwin"
      ]
    },
    "node_modules/@johnnymorganz/stylua-bin-darwin-x64": {
      "version": "2.5.2",
      "resolved": "https://registry.npmjs.org/@johnnymorganz/stylua-bin-darwin-x64/-/stylua-bin-darwin-x64-2.5.2.tgz",
      "integrity": "sha512-TP+TweORn5qs2NIn1ejTQ5vVDmCwch43WgCnfqIbdSx/txvlr3bVbWO5NeiEzdI2XO6gDFzFi9X6FIK1UNS7qQ==",
      "cpu": [
        "x64"
      ],
      "license": "MPL-2.0",
      "optional": true,
      "os": [
        "darwin"
      ]
    },
    "node_modules/@johnnymorganz/stylua-bin-linux-arm64": {
      "version": "2.5.2",
      "resolved": "https://registry.npmjs.org/@johnnymorganz/stylua-bin-linux-arm64/-/stylua-bin-linux-arm64-2.5.2.tgz",
      "integrity": "sha512-zffjBoMQpzP1AnnhVrg1k/8zNrI9VTKQ/hie/baD3y5mgOHe4/YJ33uo0dZeI+uZAu5gdanmvM5fQtPxnGc6xQ==",
      "cpu": [
        "arm64"
      ],
      "license": "MPL-2.0",
      "optional": true,
      "os": [
        "linux"
      ]
    },
    "node_modules/@johnnymorganz/stylua-bin-linux-x64": {
      "version": "2.5.2",
      "resolved": "https://registry.npmjs.org/@johnnymorganz/stylua-bin-linux-x64/-/stylua-bin-linux-x64-2.5.2.tgz",
      "integrity": "sha512-5NfzgN3lnlgmFcPCmhlyHr7y3Ro6wmPNBYzjVFLJKqJtwMPgSgKKzfT93s2rkX/QZKIlZelLtQ7eHVDmULegSg==",
      "cpu": [
        "x64"
      ],
      "license": "MPL-2.0",
      "optional": true,
      "os": [
        "linux"
      ]
    },
    "node_modules/@johnnymorganz/stylua-bin-win32-x64": {
      "version": "2.5.2",
      "resolved": "https://registry.npmjs.org/@johnnymorganz/stylua-bin-win32-x64/-/stylua-bin-win32-x64-2.5.2.tgz",
      "integrity": "sha512-wasLSN1Z9O0t6v6km/7cnBqtJe1oUX+Mgojba56hveR67i2F97bETu2GroSeCNuuCdXxUXIbZ+tf9b8CVyF1pA==",
      "cpu": [
        "x64"
      ],
      "license": "MPL-2.0",
      "optional": true,
      "os": [
        "win32"
      ]
    },
    "node_modules/@unrealworks/rbx-dom-darwin-arm64": {
      "version": "0.3.0",
      "resolved": "https://registry.npmjs.org/@unrealworks/rbx-dom-darwin-arm64/-/rbx-dom-darwin-arm64-0.3.0.tgz",
      "integrity": "sha512-uwsG8biBWzJ5oP/w4pqyQ0Lo4P4gPkyo/fJB+t3hjRibE2gykHow4Kk+5G76wcrr0dHxzBKZ1G9mgkoVbcUniQ==",
      "cpu": [
        "arm64"
      ],
      "license": "MIT",
      "optional": true,
      "os": [
        "darwin"
      ],
      "engines": {
        "node": ">=20.17"
      }
    },
    "node_modules/@unrealworks/rbx-dom-darwin-x64": {
      "version": "0.3.0",
      "resolved": "https://registry.npmjs.org/@unrealworks/rbx-dom-darwin-x64/-/rbx-dom-darwin-x64-0.3.0.tgz",
      "integrity": "sha512-G6pwDkhoniQz7wSzH5p+0RVSOxW5g1Kieu/DOnIVwG0dsB0MaPLQTRJEXuKTY45b1V5FQ+4QZSTAJItQ3iEwfg==",
      "cpu": [
        "x64"
      ],
      "license": "MIT",
      "optional": true,
      "os": [
        "darwin"
      ],
      "engines": {
        "node": ">=20.17"
      }
    },
    "node_modules/@unrealworks/rbx-dom-linux-arm64-gnu": {
      "version": "0.3.0",
      "resolved": "https://registry.npmjs.org/@unrealworks/rbx-dom-linux-arm64-gnu/-/rbx-dom-linux-arm64-gnu-0.3.0.tgz",
      "integrity": "sha512-RrHN9qbOpuERTiTefRWdJ/WvWmN7NwHqgHZycAQozvwig0AvFpi/soanQEC+oToDmbRfNKSLsqVfcZOl9+d57Q==",
      "cpu": [
        "arm64"
      ],
      "license": "MIT",
      "optional": true,
      "os": [
        "linux"
      ],
      "engines": {
        "node": ">=20.17"
      }
    },
    "node_modules/@unrealworks/rbx-dom-linux-arm64-musl": {
      "version": "0.3.0",
      "resolved": "https://registry.npmjs.org/@unrealworks/rbx-dom-linux-arm64-musl/-/rbx-dom-linux-arm64-musl-0.3.0.tgz",
      "integrity": "sha512-xrM0GdiYX5o2/BZhucExP6lK/d81+5bPaEIfoXstLW4hN8F2tVxlopjwcHw0Gr8VFE9YSeBGsag/IN8F9DpHPw==",
      "cpu": [
        "arm64"
      ],
      "license": "MIT",
      "optional": true,
      "os": [
        "linux"
      ],
      "engines": {
        "node": ">=20.17"
      }
    },
    "node_modules/@unrealworks/rbx-dom-linux-x64-gnu": {
      "version": "0.3.0",
      "resolved": "https://registry.npmjs.org/@unrealworks/rbx-dom-linux-x64-gnu/-/rbx-dom-linux-x64-gnu-0.3.0.tgz",
      "integrity": "sha512-wdaeZaRIpmvUgMRirHZn/WuT4Q8F277rk/XWGJcSoRHwQlFTYrpDZz9DSYIixwBWzmq6PZ9pWwldRw+GI0g4bg==",
      "cpu": [
        "x64"
      ],
      "license": "MIT",
      "optional": true,
      "os": [
        "linux"
      ],
      "engines": {
        "node": ">=20.17"
      }
    },
    "node_modules/@unrealworks/rbx-dom-linux-x64-musl": {
      "version": "0.3.0",
      "resolved": "https://registry.npmjs.org/@unrealworks/rbx-dom-linux-x64-musl/-/rbx-dom-linux-x64-musl-0.3.0.tgz",
      "integrity": "sha512-aacd7rDaOd1clqZ3domXgqzMliGX8n0X1BpYGzR0dCNvgOXQ+TU41YLHzhd3qllKeKVwzF7NajQbMsJE/WsfCw==",
      "cpu": [
        "x64"
      ],
      "license": "MIT",
      "optional": true,
      "os": [
        "linux"
      ],
      "engines": {
        "node": ">=20.17"
      }
    },
    "node_modules/@unrealworks/rbx-dom-win32-arm64-msvc": {
      "version": "0.3.0",
      "resolved": "https://registry.npmjs.org/@unrealworks/rbx-dom-win32-arm64-msvc/-/rbx-dom-win32-arm64-msvc-0.3.0.tgz",
      "integrity": "sha512-+2rVfZhRytWEf6/kTzqqwIN/XLly9tR3zrf9PGQhx2d9ifbqk4Q89n8z2VIWxF3mlECL7yMU44vQJkPDiEqxcg==",
      "cpu": [
        "arm64"
      ],
      "license": "MIT",
      "optional": true,
      "os": [
        "win32"
      ],
      "engines": {
        "node": ">=20.17"
      }
    },
    "node_modules/@unrealworks/rbx-dom-win32-x64-msvc": {
      "version": "0.3.0",
      "resolved": "https://registry.npmjs.org/@unrealworks/rbx-dom-win32-x64-msvc/-/rbx-dom-win32-x64-msvc-0.3.0.tgz",
      "integrity": "sha512-KysLU8TF0JbyLPMCp4XHyReRKFIKX0IObmQmJ52HkiKJu8tCJ4RH4DLjXlv61D8vm4iS4Mj0jHUGQxMI2BBHLg==",
      "cpu": [
        "x64"
      ],
      "license": "MIT",
      "optional": true,
      "os": [
        "win32"
      ],
      "engines": {
        "node": ">=20.17"
      }
    },
    "node_modules/rbx-dom": {
      "version": "0.3.0",
      "resolved": "https://registry.npmjs.org/rbx-dom/-/rbx-dom-0.3.0.tgz",
      "integrity": "sha512-kbvtZ9Pi+1CC9Yi5qem5at4x71ah+y4a/nmyE9vBhbQsaSkSP/R+xrua+BX4L3gHsLQHXHYdCRyliDbNMB6oWA==",
      "license": "MIT",
      "engines": {
        "node": ">=20.17"
      },
      "optionalDependencies": {
        "@unrealworks/rbx-dom-darwin-arm64": "0.3.0",
        "@unrealworks/rbx-dom-darwin-x64": "0.3.0",
        "@unrealworks/rbx-dom-linux-arm64-gnu": "0.3.0",
        "@unrealworks/rbx-dom-linux-arm64-musl": "0.3.0",
        "@unrealworks/rbx-dom-linux-x64-gnu": "0.3.0",
        "@unrealworks/rbx-dom-linux-x64-musl": "0.3.0",
        "@unrealworks/rbx-dom-win32-arm64-msvc": "0.3.0",
        "@unrealworks/rbx-dom-win32-x64-msvc": "0.3.0"
      }
    }
  }
}
